{
  "requires": true,
  "lockfileVersion": 1,
  "dependencies": {
    "vue-cli-plugin-quasar": {
      "version": "0.1.7",
      "resolved": "https://registry.npmjs.org/vue-cli-plugin-quasar/-/vue-cli-plugin-quasar-0.1.7.tgz",
      "integrity": "sha512-vOYcDiA6rQsg+yI8wSaXKgYFk3N1KtwVCLvKYt974Toir6K7iRQZKDkeLnDI+RbOCwAzlPXp1z0bC0J3Xiho/w==",
      "dev": true
    }
  }
}
